
Microsoft Visual Studio Solution File, Format Version 12.00
# Visual Studio Version 17
VisualStudioVersion = 17.5.33516.290
MinimumVisualStudioVersion = 10.0.40219.1
Project("{FAE04EC0-301F-11D3-BF4B-00C04F79EFBC}") = "NLBAssignment", "NLBAssignment\NLBAssignment.csproj", "{B87E0F3E-139E-47D4-B943-12F45D69A558}"
EndProject
Global
	GlobalSection(SolutionConfigurationPlatforms) = preSolution
		Debug|Any CPU = Debug|Any CPU
		Release|Any CPU = Release|Any CPU
	EndGlobalSection
	GlobalSection(ProjectConfigurationPlatforms) = postSolution
		{B87E0F3E-139E-47D4-B943-12F45D69A558}.Debug|Any CPU.ActiveCfg = Debug|Any CPU
		{B87E0F3E-139E-47D4-B943-12F45D69A558}.Debug|Any CPU.Build.0 = Debug|Any CPU
		{B87E0F3E-139E-47D4-B943-12F45D69A558}.Release|Any CPU.ActiveCfg = Release|Any CPU
		{B87E0F3E-139E-47D4-B943-12F45D69A558}.Release|Any CPU.Build.0 = Release|Any CPU
	EndGlobalSection
	GlobalSection(SolutionProperties) = preSolution
		HideSolutionNode = FALSE
	EndGlobalSection
	GlobalSection(ExtensibilityGlobals) = postSolution
		SolutionGuid = {3EC5102B-9776-4C0E-AA38-07B6995E01D8}
	EndGlobalSection
EndGlobal
